// !$*UTF8*$!
{
	archiveVersion = 1;
	classes = {
	};
	objectVersion = 48;
	objects = {

/* Begin PBXBuildFile section */
		FA8F79291FEAE6E000E7FE14 /* Assets.xcassets in Resources */ = {isa = PBXBuildFile; fileRef = FA8F79281FEAE6E000E7FE14 /* Assets.xcassets */; };
		FAE26C481FE7E8F000CDB288 /* AppDelegate.swift in Sources */ = {isa = PBXBuildFile; fileRef = FAE26C471FE7E8F000CDB288 /* AppDelegate.swift */; };
		FAE26C4A1FE7E8F000CDB288 /* ViewController.swift in Sources */ = {isa = PBXBuildFile; fileRef = FAE26C491FE7E8F000CDB288 /* ViewController.swift */; };
		FAE26C4D1FE7E8F000CDB288 /* Main.storyboard in Resources */ = {isa = PBXBuildFile; fileRef = FAE26C4B1FE7E8F000CDB288 /* Main.storyboard */; };
		FAE26C521FE7E8F000CDB288 /* LaunchScreen.storyboard in Resources */ = {isa = PBXBuildFile; fileRef = FAE26C501FE7E8F000CDB288 /* LaunchScreen.storyboard */; };
		FAE26C5D1FE7E8F000CDB288 /* PizzaTests.swift in Sources */ = {isa = PBXBuildFile; fileRef = FAE26C5C1FE7E8F000CDB288 /* PizzaTests.swift */; };
/* End PBXBuildFile section */

/* Begin PBXContainerItemProxy section */
		FAE26C591FE7E8F000CDB288 /* PBXContainerItemProxy */ = {
			isa = PBXContainerItemProxy;
			containerPortal = FAE26C3C1FE7E8F000CDB288 /* Project object */;
			proxyType = 1;
			remoteGlobalIDString = FAE26C431FE7E8F000CDB288;
			remoteInfo = Pizza;
		};
/* End PBXContainerItemProxy section */

/* Begin PBXFileReference section */
		FA8F79281FEAE6E000E7FE14 /* Assets.xcassets */ = {isa = PBXFileReference; lastKnownFileType = folder.assetcatalog; path = Assets.xcassets; sourceTree = "<group>"; };
		FAE26C441FE7E8F000CDB288 /* Pizza.app */ = {isa = PBXFileReference; explicitFileType = wrapper.application; includeInIndex = 0; path = Pizza.app; sourceTree = BUILT_PRODUCTS_DIR; };
		FAE26C471FE7E8F000CDB288 /* AppDelegate.swift */ = {isa = PBXFileReference; lastKnownFileType = sourcecode.swift; path = AppDelegate.swift; sourceTree = "<group>"; };
		FAE26C491FE7E8F000CDB288 /* ViewController.swift */ = {isa = PBXFileReference; lastKnownFileType = sourcecode.swift; path = ViewController.swift; sourceTree = "<group>"; };
		FAE26C4C1FE7E8F000CDB288 /* Base */ = {isa = PBXFileReference; lastKnownFileType = file.storyboard; name = Base; path = Base.lproj/Main.storyboard; sourceTree = "<group>"; };
		FAE26C511FE7E8F000CDB288 /* Base */ = {isa = PBXFileReference; lastKnownFileType = file.storyboard; name = Base; path = Base.lproj/LaunchScreen.storyboard; sourceTree = "<group>"; };
		FAE26C531FE7E8F000CDB288 /* Info.plist */ = {isa = PBXFileReference; lastKnownFileType = text.plist.xml; path = Info.plist; sourceTree = "<group>"; };
		FAE26C581FE7E8F000CDB288 /* PizzaTests.xctest */ = {isa = PBXFileReference; explicitFileType = wrapper.cfbundle; includeInIndex = 0; path = PizzaTests.xctest; sourceTree = BUILT_PRODUCTS_DIR; };
		FAE26C5C1FE7E8F000CDB288 /* PizzaTests.swift */ = {isa = PBXFileReference; lastKnownFileType = sourcecode.swift; path = PizzaTests.swift; sourceTree = "<group>"; };
		FAE26C5E1FE7E8F000CDB288 /* Info.plist */ = {isa = PBXFileReference; lastKnownFileType = text.plist.xml; path = Info.plist; sourceTree = "<group>"; };
/* End PBXFileReference section */

/* Begin PBXFrameworksBuildPhase section */
		FAE26C411FE7E8F000CDB288 /* Frameworks */ = {
			isa = PBXFrameworksBuildPhase;
			buildActionMask = 2147483647;
			files = (
			);
			runOnlyForDeploymentPostprocessing = 0;
		};
		FAE26C551FE7E8F000CDB288 /* Frameworks */ = {
			isa = PBXFrameworksBuildPhase;
			buildActionMask = 2147483647;
			files = (
			);
			runOnlyForDeploymentPostprocessing = 0;
		};
/* End PBXFrameworksBuildPhase section */

/* Begin PBXGroup section */
		FAE26C3B1FE7E8F000CDB288 = {
			isa = PBXGroup;
			children = (
				FAE26C461FE7E8F000CDB288 /* Pizza */,
				FAE26C5B1FE7E8F000CDB288 /* PizzaTests */,
				FAE26C451FE7E8F000CDB288 /* Products */,
			);
			sourceTree = "<group>";
		};
		FAE26C451FE7E8F000CDB288 /* Products */ = {
			isa = PBXGroup;
			children = (
				FAE26C441FE7E8F000CDB288 /* Pizza.app */,
				FAE26C581FE7E8F000CDB288 /* PizzaTests.xctest */,
			);
			name = Products;
			sourceTree = "<group>";
		};
		FAE26C461FE7E8F000CDB288 /* Pizza */ = {
			isa = PBXGroup;
			children = (
				FAE26C471FE7E8F000CDB288 /* AppDelegate.swift */,
				FAE26C491FE7E8F000CDB288 /* ViewController.swift */,
				FAE26C4B1FE7E8F000CDB288 /* Main.storyboard */,
				FA8F79281FEAE6E000E7FE14 /* Assets.xcassets */,
				FAE26C501FE7E8F000CDB288 /* LaunchScreen.storyboard */,
				FAE26C531FE7E8F000CDB288 /* Info.plist */,
			);
			path = Pizza;
			sourceTree = "<group>";
		};
		FAE26C5B1FE7E8F000CDB288 /* PizzaTests */ = {
			isa = PBXGroup;
			children = (
				FAE26C5C1FE7E8F000CDB288 /* PizzaTests.swift */,
				FAE26C5E1FE7E8F000CDB288 /* Info.plist */,
			);
			path = PizzaTests;
			sourceTree = "<group>";
		};
/* End PBXGroup section */

/* Begin PBXNativeTarget section */
		FAE26C431FE7E8F000CDB288 /* Pizza */ = {
			isa = PBXNativeTarget;
			buildConfigurationList = FAE26C611FE7E8F000CDB288 /* Build configuration list for PBXNativeTarget "Pizza" */;
			buildPhases = (
				FAE26C401FE7E8F000CDB288 /* Sources */,
				FAE26C411FE7E8F000CDB288 /* Frameworks */,
				FAE26C421FE7E8F000CDB288 /* Resources */,
			);
			buildRules = (
			);
			dependencies = (
			);
			name = Pizza;
			productName = Pizza;
			productReference = FAE26C441FE7E8F000CDB288 /* Pizza.app */;
			productType = "com.apple.product-type.application";
		};
		FAE26C571FE7E8F000CDB288 /* PizzaTests */ = {
			isa = PBXNativeTarget;
			buildConfigurationList = FAE26C641FE7E8F000CDB288 /* Build configuration list for PBXNativeTarget "PizzaTests" */;
			buildPhases = (
				FAE26C541FE7E8F000CDB288 /* Sources */,
				FAE26C551FE7E8F000CDB288 /* Frameworks */,
				FAE26C561FE7E8F000CDB288 /* Resources */,
			);
			buildRules = (
			);
			dependencies = (
				FAE26C5A1FE7E8F000CDB288 /* PBXTargetDependency */,
			);
			name = PizzaTests;
			productName = PizzaTests;
			productReference = FAE26C581FE7E8F000CDB288 /* PizzaTests.xctest */;
			productType = "com.apple.product-type.bundle.unit-test";
		};
/* End PBXNativeTarget section */

/* Begin PBXProject section */
		FAE26C3C1FE7E8F000CDB288 /* Project object */ = {
			isa = PBXProject;
			attributes = {
				LastSwiftUpdateCheck = 0920;
				LastUpgradeCheck = 0920;
				ORGANIZATIONNAME = "El BEZE";
				TargetAttributes = {
					FAE26C431FE7E8F000CDB288 = {
						CreatedOnToolsVersion = 9.2;
						ProvisioningStyle = Automatic;
					};
					FAE26C571FE7E8F000CDB288 = {
						CreatedOnToolsVersion = 9.2;
						ProvisioningStyle = Automatic;
						TestTargetID = FAE26C431FE7E8F000CDB288;
					};
				};
			};
			buildConfigurationList = FAE26C3F1FE7E8F000CDB288 /* Build configuration list for PBXProject "Pizza" */;
			compatibilityVersion = "Xcode 8.0";
			developmentRegion = en;
			hasScannedForEncodings = 0;
			knownRegions = (
				en,
				Base,
			);
			mainGroup = FAE26C3B1FE7E8F000CDB288;
			productRefGroup = FAE26C451FE7E8F000CDB288 /* Products */;
			projectDirPath = "";
			projectRoot = "";
			targets = (
				FAE26C431FE7E8F000CDB288 /* Pizza */,
				FAE26C571FE7E8F000CDB288 /* PizzaTests */,
			);
		};
/* End PBXProject section */

/* Begin PBXResourcesBuildPhase section */
		FAE26C421FE7E8F000CDB288 /* Resources */ = {
			isa = PBXResourcesBuildPhase;
			buildActionMask = 2147483647;
			files = (
				FAE26C521FE7E8F000CDB288 /* LaunchScreen.storyboard in Resources */,
				FA8F79291FEAE6E000E7FE14 /* Assets.xcassets in Resources */,
				FAE26C4D1FE7E8F000CDB288 /* Main.storyboard in Resources */,
			);
			runOnlyForDeploymentPostprocessing = 0;
		};
		FAE26C561FE7E8F000CDB288 /* Resources */ = {
			isa = PBXResourcesBuildPhase;
			buildActionMask = 2147483647;
			files = (
			);
			runOnlyForDeploymentPostprocessing = 0;
		};
/* End PBXResourcesBuildPhase section */

/* Begin PBXSourcesBuildPhase section */
		FAE26C401FE7E8F000CDB288 /* Sources */ = {
			isa = PBXSourcesBuildPhase;
			buildActionMask = 2147483647;
			files = (
				FAE26C4A1FE7E8F000CDB288 /* ViewController.swift in Sources */,
				FAE26C481FE7E8F000CDB288 /* AppDelegate.swift in Sources */,
			);
			runOnlyForDeploymentPostprocessing = 0;
		};
		FAE26C541FE7E8F000CDB288 /* Sources */ = {
			isa = PBXSourcesBuildPhase;
			buildActionMask = 2147483647;
			files = (
				FAE26C5D1FE7E8F000CDB288 /* PizzaTests.swift in Sources */,
			);
			runOnlyForDeploymentPostprocessing = 0;
		};
/* End PBXSourcesBuildPhase section */

/* Begin PBXTargetDependency section */
		FAE26C5A1FE7E8F000CDB288 /* PBXTargetDependency */ = {
			isa = PBXTargetDependency;
			target = FAE26C431FE7E8F000CDB288 /* Pizza */;
			targetProxy = FAE26C591FE7E8F000CDB288 /* PBXContainerItemProxy */;
		};
/* End PBXTargetDependency section */

/* Begin PBXVariantGroup section */
		FAE26C4B1FE7E8F000CDB288 /* Main.storyboard */ = {
			isa = PBXVariantGroup;
			children = (
				FAE26C4C1FE7E8F000CDB288 /* Base */,
			);
			name = Main.storyboard;
			sourceTree = "<group>";
		};
		FAE26C501FE7E8F000CDB288 /* LaunchScreen.storyboard */ = {
			isa = PBXVariantGroup;
			children = (
				FAE26C511FE7E8F000CDB288 /* Base */,
			);
			name = LaunchScreen.storyboard;
			sourceTree = "<group>";
		};
/* End PBXVariantGroup section */

/* Begin XCBuildConfiguration section */
		FAE26C5F1FE7E8F000CDB288 /* Debug */ = {
			isa = XCBuildConfiguration;
			buildSettings = {
				ALWAYS_SEARCH_USER_PATHS = NO;
				CLANG_ANALYZER_NONNULL = YES;
				CLANG_ANALYZER_NUMBER_OBJECT_CONVERSION = YES_AGGRESSIVE;
				CLANG_CXX_LANGUAGE_STANDARD = "gnu++14";
				CLANG_CXX_LIBRARY = "libc++";
				CLANG_ENABLE_MODULES = YES;
				CLANG_ENABLE_OBJC_ARC = YES;
				CLANG_WARN_BLOCK_CAPTURE_AUTORELEASING = YES;
				CLANG_WARN_BOOL_CONVERSION = YES;
				CLANG_WARN_COMMA = YES;
				CLANG_WARN_CONSTANT_CONVERSION = YES;
				CLANG_WARN_DIRECT_OBJC_ISA_USAGE = YES_ERROR;
				CLANG_WARN_DOCUMENTATION_COMMENTS = YES;
				CLANG_WARN_EMPTY_BODY = YES;
				CLANG_WARN_ENUM_CONVERSION = YES;
				CLANG_WARN_INFINITE_RECURSION = YES;
				CLANG_WARN_INT_CONVERSION = YES;
				CLANG_WARN_NON_LITERAL_NULL_CONVERSION = YES;
				CLANG_WARN_OBJC_LITERAL_CONVERSION = YES;
				CLANG_WARN_OBJC_ROOT_CLASS = YES_ERROR;
				CLANG_WARN_RANGE_LOOP_ANALYSIS = YES;
				CLANG_WARN_STRICT_PROTOTYPES = YES;
				CLANG_WARN_SUSPICIOUS_MOVE = YES;
				CLANG_WARN_UNGUARDED_AVAILABILITY = YES_AGGRESSIVE;
				CLANG_WARN_UNREACHABLE_CODE = YES;
				CLANG_WARN__DUPLICATE_METHOD_MATCH = YES;
				CODE_SIGN_IDENTITY = "iPhone Developer";
				COPY_PHASE_STRIP = NO;
				DEBUG_INFORMATION_FORMAT = dwarf;
				ENABLE_STRICT_OBJC_MSGSEND = YES;
				ENABLE_TESTABILITY = YES;
				GCC_C_LANGUAGE_STANDARD = gnu11;
				GCC_DYNAMIC_NO_PIC = NO;
				GCC_NO_COMMON_BLOCKS = YES;
				GCC_OPTIMIZATION_LEVEL = 0;
				GCC_PREPROCESSOR_DEFINITIONS = (
					"DEBUG=1",
					"$(inherited)",
				);
				GCC_WARN_64_TO_32_BIT_CONVERSION = YES;
				GCC_WARN_ABOUT_RETURN_TYPE = YES_ERROR;
				GCC_WARN_UNDECLARED_SELECTOR = YES;
				GCC_WARN_UNINITIALIZED_AUTOS = YES_AGGRESSIVE;
				GCC_WARN_UNUSED_FUNCTION = YES;
				GCC_WARN_UNUSED_VARIABLE = YES;
				IPHONEOS_DEPLOYMENT_TARGET = 11.2;
				MTL_ENABLE_DEBUG_INFO = YES;
				ONLY_ACTIVE_ARCH = YES;
				SDKROOT = iphoneos;
				SWIFT_ACTIVE_COMPILATION_CONDITIONS = DEBUG;
				SWIFT_OPTIMIZATION_LEVEL = "-Onone";
			};
			name = Debug;
		};
		FAE26C601FE7E8F000CDB288 /* Release */ = {
			isa = XCBuildConfiguration;
			buildSettings = {
				ALWAYS_SEARCH_USER_PATHS = NO;
				CLANG_ANALYZER_NONNULL = YES;
				CLANG_ANALYZER_NUMBER_OBJECT_CONVERSION = YES_AGGRESSIVE;
				CLANG_CXX_LANGUAGE_STANDARD = "gnu++14";
				CLANG_CXX_LIBRARY = "libc++";
				CLANG_ENABLE_MODULES = YES;
				CLANG_ENABLE_OBJC_ARC = YES;
				CLANG_WARN_BLOCK_CAPTURE_AUTORELEASING = YES;
				CLANG_WARN_BOOL_CONVERSION = YES;
				CLANG_WARN_COMMA = YES;
				CLANG_WARN_CONSTANT_CONVERSION = YES;
				CLANG_WARN_DIRECT_OBJC_ISA_USAGE = YES_ERROR;
				CLANG_WARN_DOCUMENTATION_COMMENTS = YES;
				CLANG_WARN_EMPTY_BODY = YES;
				CLANG_WARN_ENUM_CONVERSION = YES;
				CLANG_WARN_INFINITE_RECURSION = YES;
				CLANG_WARN_INT_CONVERSION = YES;
				CLANG_WARN_NON_LITERAL_NULL_CONVERSION = YES;
				CLANG_WARN_OBJC_LITERAL_CONVERSION = YES;
				CLANG_WARN_OBJC_ROOT_CLASS = YES_ERROR;
				CLANG_WARN_RANGE_LOOP_ANALYSIS = YES;
				CLANG_WARN_STRICT_PROTOTYPES = YES;
				CLANG_WARN_SUSPICIOUS_MOVE = YES;
				CLANG_WARN_UNGUARDED_AVAILABILITY = YES_AGGRESSIVE;
				CLANG_WARN_UNREACHABLE_CODE = YES;
				CLANG_WARN__DUPLICATE_METHOD_MATCH = YES;
				CODE_SIGN_IDENTITY = "iPhone Developer";
				COPY_PHASE_STRIP = NO;
				DEBUG_INFORMATION_FORMAT = "dwarf-with-dsym";
				ENABLE_NS_ASSERTIONS = NO;
				ENABLE_STRICT_OBJC_MSGSEND = YES;
				GCC_C_LANGUAGE_STANDARD = gnu11;
				GCC_NO_COMMON_BLOCKS = YES;
				GCC_WARN_64_TO_32_BIT_CONVERSION = YES;
				GCC_WARN_ABOUT_RETURN_TYPE = YES_ERROR;
				GCC_WARN_UNDECLARED_SELECTOR = YES;
				GCC_WARN_UNINITIALIZED_AUTOS = YES_AGGRESSIVE;
				GCC_WARN_UNUSED_FUNCTION = YES;
				GCC_WARN_UNUSED_VARIABLE = YES;
				IPHONEOS_DEPLOYMENT_TARGET = 11.2;
				MTL_ENABLE_DEBUG_INFO = NO;
				SDKROOT = iphoneos;
				SWIFT_OPTIMIZATION_LEVEL = "-Owholemodule";
				VALIDATE_PRODUCT = YES;
			};
			name = Release;
		};
		FAE26C621FE7E8F000CDB288 /* Debug */ = {
			isa = XCBuildConfiguration;
			buildSettings = {
				ASSETCATALOG_COMPILER_APPICON_NAME = AppIcon;
				CODE_SIGN_STYLE = Automatic;
				DEVELOPMENT_TEAM = NHTM26LRB8;
				INFOPLIST_FILE = Pizza/Info.plist;
				LD_RUNPATH_SEARCH_PATHS = "$(inherited) @executable_path/Frameworks";
				PRODUCT_BUNDLE_IDENTIFIER = elbeze.Pizza;
				PRODUCT_NAME = "$(TARGET_NAME)";
				SWIFT_VERSION = 4.0;
				TARGETED_DEVICE_FAMILY = "1,2";
			};
			name = Debug;
		};
		FAE26C631FE7E8F000CDB288 /* Release */ = {
			isa = XCBuildConfiguration;
			buildSettings = {
				ASSETCATALOG_COMPILER_APPICON_NAME = AppIcon;
				CODE_SIGN_STYLE = Automatic;
				DEVELOPMENT_TEAM = NHTM26LRB8;
				INFOPLIST_FILE = Pizza/Info.plist;
				LD_RUNPATH_SEARCH_PATHS = "$(inherited) @executable_path/Frameworks";
				PRODUCT_BUNDLE_IDENTIFIER = elbeze.Pizza;
				PRODUCT_NAME = "$(TARGET_NAME)";
				SWIFT_VERSION = 4.0;
				TARGETED_DEVICE_FAMILY = "1,2";
			};
			name = Release;
		};
		FAE26C651FE7E8F000CDB288 /* Debug */ = {
			isa = XCBuildConfiguration;
			buildSettings = {
				ALWAYS_EMBED_SWIFT_STANDARD_LIBRARIES = YES;
				BUNDLE_LOADER = "$(TEST_HOST)";
				CODE_SIGN_STYLE = Automatic;
				DEVELOPMENT_TEAM = NHTM26LRB8;
				INFOPLIST_FILE = PizzaTests/Info.plist;
				LD_RUNPATH_SEARCH_PATHS = "$(inherited) @executable_path/Frameworks @loader_path/Frameworks";
				PRODUCT_BUNDLE_IDENTIFIER = elbeze.PizzaTests;
				PRODUCT_NAME = "$(TARGET_NAME)";
				SWIFT_VERSION = 4.0;
				TARGETED_DEVICE_FAMILY = "1,2";
				TEST_HOST = "$(BUILT_PRODUCTS_DIR)/Pizza.app/Pizza";
			};
			name = Debug;
		};
		FAE26C661FE7E8F000CDB288 /* Release */ = {
			isa = XCBuildConfiguration;
			buildSettings = {
				ALWAYS_EMBED_SWIFT_STANDARD_LIBRARIES = YES;
				BUNDLE_LOADER = "$(TEST_HOST)";
				CODE_SIGN_STYLE = Automatic;
				DEVELOPMENT_TEAM = NHTM26LRB8;
				INFOPLIST_FILE = PizzaTests/Info.plist;
				LD_RUNPATH_SEARCH_PATHS = "$(inherited) @executable_path/Frameworks @loader_path/Frameworks";
				PRODUCT_BUNDLE_IDENTIFIER = elbeze.PizzaTests;
				PRODUCT_NAME = "$(TARGET_NAME)";
				SWIFT_VERSION = 4.0;
				TARGETED_DEVICE_FAMILY = "1,2";
				TEST_HOST = "$(BUILT_PRODUCTS_DIR)/Pizza.app/Pizza";
			};
			name = Release;
		};
/* End XCBuildConfiguration section */

/* Begin XCConfigurationList section */
		FAE26C3F1FE7E8F000CDB288 /* Build configuration list for PBXProject "Pizza" */ = {
			isa = XCConfigurationList;
			buildConfigurations = (
				FAE26C5F1FE7E8F000CDB288 /* Debug */,
				FAE26C601FE7E8F000CDB288 /* Release */,
			);
			defaultConfigurationIsVisible = 0;
			defaultConfigurationName = Release;
		};
		FAE26C611FE7E8F000CDB288 /* Build configuration list for PBXNativeTarget "Pizza" */ = {
			isa = XCConfigurationList;
			buildConfigurations = (
				FAE26C621FE7E8F000CDB288 /* Debug */,
				FAE26C631FE7E8F000CDB288 /* Release */,
			);
			defaultConfigurationIsVisible = 0;
			defaultConfigurationName = Release;
		};
		FAE26C641FE7E8F000CDB288 /* Build configuration list for PBXNativeTarget "PizzaTests" */ = {
			isa = XCConfigurationList;
			buildConfigurations = (
				FAE26C651FE7E8F000CDB288 /* Debug */,
				FAE26C661FE7E8F000CDB288 /* Release */,
			);
			defaultConfigurationIsVisible = 0;
			defaultConfigurationName = Release;
		};
/* End XCConfigurationList section */
	};
	rootObject = FAE26C3C1FE7E8F000CDB288 /* Project object */;
}
